
Microsoft Visual Studio Solution File, Format Version 12.00
# Visual Studio 2012
Project("{FAE04EC0-301F-11D3-BF4B-00C04F79EFBC}") = "Chronicle.Logging.Business", "Chronicle.Logging.Business\Chronicle.Logging.Business.csproj", "{D6E589B3-9192-4476-AD0E-A3CFA3E71D7C}"
EndProject
Project("{FAE04EC0-301F-11D3-BF4B-00C04F79EFBC}") = "Chronicle.Logging.Web", "Chronicle.Logging.Web\Chronicle.Logging.Web.csproj", "{0A857D64-9497-4A8A-9E3D-DFE27E78322E}"
EndProject
Project("{2150E333-8FDC-42A3-9474-1A3956D46DE8}") = ".nuget", ".nuget", "{D6E75A09-6B92-48C3-8921-C9972CDC6F49}"
	ProjectSection(SolutionItems) = preProject
		.nuget\NuGet.Config = .nuget\NuGet.Config
		.nuget\NuGet.exe = .nuget\NuGet.exe
		.nuget\NuGet.targets = .nuget\NuGet.targets
	EndProjectSection
EndProject
Global
	GlobalSection(SolutionConfigurationPlatforms) = preSolution
		Debug|Any CPU = Debug|Any CPU
		Release|Any CPU = Release|Any CPU
	EndGlobalSection
	GlobalSection(ProjectConfigurationPlatforms) = postSolution
		{D6E589B3-9192-4476-AD0E-A3CFA3E71D7C}.Debug|Any CPU.ActiveCfg = Debug|Any CPU
		{D6E589B3-9192-4476-AD0E-A3CFA3E71D7C}.Debug|Any CPU.Build.0 = Debug|Any CPU
		{D6E589B3-9192-4476-AD0E-A3CFA3E71D7C}.Release|Any CPU.ActiveCfg = Release|Any CPU
		{D6E589B3-9192-4476-AD0E-A3CFA3E71D7C}.Release|Any CPU.Build.0 = Release|Any CPU
		{0A857D64-9497-4A8A-9E3D-DFE27E78322E}.Debug|Any CPU.ActiveCfg = Debug|Any CPU
		{0A857D64-9497-4A8A-9E3D-DFE27E78322E}.Debug|Any CPU.Build.0 = Debug|Any CPU
		{0A857D64-9497-4A8A-9E3D-DFE27E78322E}.Release|Any CPU.ActiveCfg = Release|Any CPU
		{0A857D64-9497-4A8A-9E3D-DFE27E78322E}.Release|Any CPU.Build.0 = Release|Any CPU
	EndGlobalSection
	GlobalSection(SolutionProperties) = preSolution
		HideSolutionNode = FALSE
	EndGlobalSection
EndGlobal
